
Microsoft Visual Studio Solution File, Format Version 12.00
# Visual Studio 15
VisualStudioVersion = 15.0.26730.16
MinimumVisualStudioVersion = 10.0.40219.1
Project("{FAE04EC0-301F-11D3-BF4B-00C04F79EFBC}") = "CodingDojo_01", "CodingDojo_01\CodingDojo_01.csproj", "{0DDD57E5-2CB6-4EAE-AF60-6BA901B1F04E}"
EndProject
Global
	GlobalSection(SolutionConfigurationPlatforms) = preSolution
		Debug|Any CPU = Debug|Any CPU
		Release|Any CPU = Release|Any CPU
	EndGlobalSection
	GlobalSection(ProjectConfigurationPlatforms) = postSolution
		{0DDD57E5-2CB6-4EAE-AF60-6BA901B1F04E}.Debug|Any CPU.ActiveCfg = Debug|Any CPU
		{0DDD57E5-2CB6-4EAE-AF60-6BA901B1F04E}.Debug|Any CPU.Build.0 = Debug|Any CPU
		{0DDD57E5-2CB6-4EAE-AF60-6BA901B1F04E}.Release|Any CPU.ActiveCfg = Release|Any CPU
		{0DDD57E5-2CB6-4EAE-AF60-6BA901B1F04E}.Release|Any CPU.Build.0 = Release|Any CPU
	EndGlobalSection
	GlobalSection(SolutionProperties) = preSolution
		HideSolutionNode = FALSE
	EndGlobalSection
	GlobalSection(ExtensibilityGlobals) = postSolution
		SolutionGuid = {AD1A039B-FDA8-4CDE-BDEE-A83BAB27EA66}
	EndGlobalSection
EndGlobal
